
Microsoft Visual Studio Solution File, Format Version 12.00
# Visual Studio 15
VisualStudioVersion = 15.0.28307.757
MinimumVisualStudioVersion = 10.0.40219.1
Project("{FAE04EC0-301F-11D3-BF4B-00C04F79EFBC}") = "senai.Roman.WebApi", "senai.Roman.WebApi\senai.Roman.WebApi.csproj", "{7203FD07-49CF-474E-9176-9ADF47625153}"
EndProject
Global
	GlobalSection(SolutionConfigurationPlatforms) = preSolution
		Debug|Any CPU = Debug|Any CPU
		Release|Any CPU = Release|Any CPU
	EndGlobalSection
	GlobalSection(ProjectConfigurationPlatforms) = postSolution
		{7203FD07-49CF-474E-9176-9ADF47625153}.Debug|Any CPU.ActiveCfg = Debug|Any CPU
		{7203FD07-49CF-474E-9176-9ADF47625153}.Debug|Any CPU.Build.0 = Debug|Any CPU
		{7203FD07-49CF-474E-9176-9ADF47625153}.Release|Any CPU.ActiveCfg = Release|Any CPU
		{7203FD07-49CF-474E-9176-9ADF47625153}.Release|Any CPU.Build.0 = Release|Any CPU
	EndGlobalSection
	GlobalSection(SolutionProperties) = preSolution
		HideSolutionNode = FALSE
	EndGlobalSection
	GlobalSection(ExtensibilityGlobals) = postSolution
		SolutionGuid = {350C4357-FFE7-4178-81B0-E41231C72F0F}
	EndGlobalSection
EndGlobal
